<?xml version="1.0" encoding="utf-8"?>
<Project ToolsVersion="4.0" xmlns="http://schemas.microsoft.com/developer/msbuild/2003">
  <ItemGroup>
    <Filter Include="Source Files">
      <UniqueIdentifier>{e0209149-cd1e-4309-ba1c-795ca1260b37}</UniqueIdentifier>
      <Extensions>cpp;c;cxx;def;odl;idl;hpj;bat;asm</Extensions>
    </Filter>
    <Filter Include="Header Files">
      <UniqueIdentifier>{250489d3-65a1-44cf-a89a-d7a0dd7894b5}</UniqueIdentifier>
      <Extensions>h;hpp;hxx;hm;inl;inc</Extensions>
    </Filter>
    <Filter Include="Resource Files">
      <UniqueIdentifier>{8a592e0c-3ba4-4047-93cd-abca99180809}</UniqueIdentifier>
      <Extensions>rc;ico;cur;bmp;dlg;rc2;rct;bin;rgs;jpg;jpeg;jpe;manifest</Extensions>
    </Filter>
    <Filter Include="Sciter">
      <UniqueIdentifier>{3fecf201-a6bb-467e-b851-3a214674e23c}</UniqueIdentifier>
    </Filter>
    <Filter Include="Common">
      <UniqueIdentifier>{c6f7fe68-fd5c-4a76-9a1c-9ca2e4cb0e9a}</UniqueIdentifier>
    </Filter>
  </ItemGroup>
  <ItemGroup>
    <ClCompile Include="stdafx.cpp">
      <Filter>Source Files</Filter>
    </ClCompile>
    <ClCompile Include="XHelper.cpp">
      <Filter>Source Files</Filter>
    </ClCompile>
    <ClCompile Include="..\Common\Unzip.cpp">
      <Filter>Common</Filter>
    </ClCompile>
  </ItemGroup>
  <ItemGroup>
    <ClInclude Include="stdafx.h">
      <Filter>Header Files</Filter>
    </ClInclude>
    <ClInclude Include="MainFrm.h">
      <Filter>Header Files</Filter>
    </ClInclude>
    <ClInclude Include="AboutDlg.h">
      <Filter>Header Files</Filter>
    </ClInclude>
    <ClInclude Include="resource.h">
      <Filter>Header Files</Filter>
    </ClInclude>
    <ClInclude Include="App.h">
      <Filter>Header Files</Filter>
    </ClInclude>
    <ClInclude Include="LoginWnd.h">
      <Filter>Header Files</Filter>
    </ClInclude>
    <ClInclude Include="UIWndBasic.h">
      <Filter>Header Files</Filter>
    </ClInclude>
    <ClInclude Include="TaskPool.h">
      <Filter>Header Files</Filter>
    </ClInclude>
    <ClInclude Include="SafeQueue.h">
      <Filter>Header Files</Filter>
    </ClInclude>
    <ClInclude Include="UserInfo.h">
      <Filter>Header Files</Filter>
    </ClInclude>
    <ClInclude Include="..\Common\CxLog.h">
      <Filter>Common</Filter>
    </ClInclude>
    <ClInclude Include="..\Common\dummyxml.h">
      <Filter>Common</Filter>
    </ClInclude>
    <ClInclude Include="..\Common\HardInfo.h">
      <Filter>Common</Filter>
    </ClInclude>
    <ClInclude Include="..\Common\HideProc.h">
      <Filter>Common</Filter>
    </ClInclude>
    <ClInclude Include="..\Common\HttpHelp.h">
      <Filter>Common</Filter>
    </ClInclude>
    <ClInclude Include="..\Common\IPCModule.h">
      <Filter>Common</Filter>
    </ClInclude>
    <ClInclude Include="..\Common\md5.h">
      <Filter>Common</Filter>
    </ClInclude>
    <ClInclude Include="..\Common\ResTool.h">
      <Filter>Common</Filter>
    </ClInclude>
    <ClInclude Include="..\Common\Unzip.h">
      <Filter>Common</Filter>
    </ClInclude>
    <ClInclude Include="..\Common\Utility.h">
      <Filter>Common</Filter>
    </ClInclude>
    <ClInclude Include="..\Common\Zlib.h">
      <Filter>Common</Filter>
    </ClInclude>
    <ClInclude Include="Download.h">
      <Filter>Header Files</Filter>
    </ClInclude>
    <ClInclude Include="TaskHandle.h">
      <Filter>Header Files</Filter>
    </ClInclude>
    <ClInclude Include="NetHandle.h">
      <Filter>Header Files</Filter>
    </ClInclude>
    <ClInclude Include="ADBTool.h">
      <Filter>Header Files</Filter>
    </ClInclude>
    <ClInclude Include="DBTool.h">
      <Filter>Header Files</Filter>
    </ClInclude>
  </ItemGroup>
  <ItemGroup>
    <ResourceCompile Include="XHelper.rc">
      <Filter>Resource Files</Filter>
    </ResourceCompile>
  </ItemGroup>
  <ItemGroup>
    <Image Include="res\toolbar.bmp">
      <Filter>Resource Files</Filter>
    </Image>
    <Image Include="res\XHelper.ico">
      <Filter>Resource Files</Filter>
    </Image>
  </ItemGroup>
</Project>